
Microsoft Visual Studio Solution File, Format Version 12.00
# Visual Studio Version 16
VisualStudioVersion = 16.0.29521.150
MinimumVisualStudioVersion = 10.0.40219.1
Project("{FAE04EC0-301F-11D3-BF4B-00C04F79EFBC}") = "timelog", "timelog\timelog.csproj", "{E94D1C84-C724-4F18-AC84-7D7464858EC9}"
EndProject
Global
	GlobalSection(SolutionConfigurationPlatforms) = preSolution
		Debug|Any CPU = Debug|Any CPU
		Release|Any CPU = Release|Any CPU
	EndGlobalSection
	GlobalSection(ProjectConfigurationPlatforms) = postSolution
		{E94D1C84-C724-4F18-AC84-7D7464858EC9}.Debug|Any CPU.ActiveCfg = Debug|Any CPU
		{E94D1C84-C724-4F18-AC84-7D7464858EC9}.Debug|Any CPU.Build.0 = Debug|Any CPU
		{E94D1C84-C724-4F18-AC84-7D7464858EC9}.Release|Any CPU.ActiveCfg = Release|Any CPU
		{E94D1C84-C724-4F18-AC84-7D7464858EC9}.Release|Any CPU.Build.0 = Release|Any CPU
	EndGlobalSection
	GlobalSection(SolutionProperties) = preSolution
		HideSolutionNode = FALSE
	EndGlobalSection
	GlobalSection(ExtensibilityGlobals) = postSolution
		SolutionGuid = {AADC51F0-0A4D-445F-8A4B-A2816D06F538}
	EndGlobalSection
EndGlobal
